
Microsoft Visual Studio Solution File, Format Version 12.00
# Visual Studio Version 16
VisualStudioVersion = 16.0.30204.135
MinimumVisualStudioVersion = 10.0.40219.1
Project("{FAE04EC0-301F-11D3-BF4B-00C04F79EFBC}") = "BubbleSort", "BubbleSort\BubbleSort.csproj", "{ACADF4C3-642B-4A26-9880-BAEA2BA08E7A}"
EndProject
Global
	GlobalSection(SolutionConfigurationPlatforms) = preSolution
		Debug|Any CPU = Debug|Any CPU
		Release|Any CPU = Release|Any CPU
	EndGlobalSection
	GlobalSection(ProjectConfigurationPlatforms) = postSolution
		{ACADF4C3-642B-4A26-9880-BAEA2BA08E7A}.Debug|Any CPU.ActiveCfg = Debug|Any CPU
		{ACADF4C3-642B-4A26-9880-BAEA2BA08E7A}.Debug|Any CPU.Build.0 = Debug|Any CPU
		{ACADF4C3-642B-4A26-9880-BAEA2BA08E7A}.Release|Any CPU.ActiveCfg = Release|Any CPU
		{ACADF4C3-642B-4A26-9880-BAEA2BA08E7A}.Release|Any CPU.Build.0 = Release|Any CPU
	EndGlobalSection
	GlobalSection(SolutionProperties) = preSolution
		HideSolutionNode = FALSE
	EndGlobalSection
	GlobalSection(ExtensibilityGlobals) = postSolution
		SolutionGuid = {2FB3E891-69DA-42E4-ABBA-09FEABE81F47}
	EndGlobalSection
EndGlobal
