
Microsoft Visual Studio Solution File, Format Version 12.00
# Visual Studio Version 16
VisualStudioVersion = 16.0.30204.135
MinimumVisualStudioVersion = 10.0.40219.1
Project("{FAE04EC0-301F-11D3-BF4B-00C04F79EFBC}") = "KKCramerTime", "KKCramerTime\KKCramerTime.csproj", "{3A8D6833-A9C7-4D7F-B55D-E1D056F4504D}"
EndProject
Global
	GlobalSection(SolutionConfigurationPlatforms) = preSolution
		Debug|Any CPU = Debug|Any CPU
		Release|Any CPU = Release|Any CPU
	EndGlobalSection
	GlobalSection(ProjectConfigurationPlatforms) = postSolution
		{3A8D6833-A9C7-4D7F-B55D-E1D056F4504D}.Debug|Any CPU.ActiveCfg = Debug|Any CPU
		{3A8D6833-A9C7-4D7F-B55D-E1D056F4504D}.Debug|Any CPU.Build.0 = Debug|Any CPU
		{3A8D6833-A9C7-4D7F-B55D-E1D056F4504D}.Release|Any CPU.ActiveCfg = Release|Any CPU
		{3A8D6833-A9C7-4D7F-B55D-E1D056F4504D}.Release|Any CPU.Build.0 = Release|Any CPU
	EndGlobalSection
	GlobalSection(SolutionProperties) = preSolution
		HideSolutionNode = FALSE
	EndGlobalSection
	GlobalSection(ExtensibilityGlobals) = postSolution
		SolutionGuid = {77C1231B-7C98-4ABF-B562-D6C0E9FAA7FE}
	EndGlobalSection
EndGlobal
