
Microsoft Visual Studio Solution File, Format Version 12.00
# Visual Studio Version 16
VisualStudioVersion = 16.0.30204.135
MinimumVisualStudioVersion = 10.0.40219.1
Project("{FAE04EC0-301F-11D3-BF4B-00C04F79EFBC}") = "zmeika", "zmeika\zmeika.csproj", "{FBCDDB03-C611-4CDE-83AF-720D742B17A9}"
EndProject
Global
	GlobalSection(SolutionConfigurationPlatforms) = preSolution
		Debug|Any CPU = Debug|Any CPU
		Release|Any CPU = Release|Any CPU
	EndGlobalSection
	GlobalSection(ProjectConfigurationPlatforms) = postSolution
		{FBCDDB03-C611-4CDE-83AF-720D742B17A9}.Debug|Any CPU.ActiveCfg = Debug|Any CPU
		{FBCDDB03-C611-4CDE-83AF-720D742B17A9}.Debug|Any CPU.Build.0 = Debug|Any CPU
		{FBCDDB03-C611-4CDE-83AF-720D742B17A9}.Release|Any CPU.ActiveCfg = Release|Any CPU
		{FBCDDB03-C611-4CDE-83AF-720D742B17A9}.Release|Any CPU.Build.0 = Release|Any CPU
	EndGlobalSection
	GlobalSection(SolutionProperties) = preSolution
		HideSolutionNode = FALSE
	EndGlobalSection
	GlobalSection(ExtensibilityGlobals) = postSolution
		SolutionGuid = {44F5F9E2-8137-4732-B538-BD27379D3593}
	EndGlobalSection
EndGlobal
